
Microsoft Visual Studio Solution File, Format Version 12.00
# Visual Studio Version 17
VisualStudioVersion = 17.1.32328.378
MinimumVisualStudioVersion = 10.0.40219.1
Project("{FAE04EC0-301F-11D3-BF4B-00C04F79EFBC}") = "IJunior", "IJunior\IJunior.csproj", "{CAC6A5BB-33D5-4C30-983B-1E346301F5AA}"
EndProject
Project("{FAE04EC0-301F-11D3-BF4B-00C04F79EFBC}") = "MyFirstApp", "MyFirstApp\MyFirstApp.csproj", "{2C897644-317D-4AE7-AE24-E9FAE98FF2C3}"
EndProject
Project("{FAE04EC0-301F-11D3-BF4B-00C04F79EFBC}") = "Variables", "Variables\Variables.csproj", "{32C5CAB0-124A-4916-AB0B-5BAA7A7C2D05}"
EndProject
Project("{FAE04EC0-301F-11D3-BF4B-00C04F79EFBC}") = "StringsTask", "StringsTask\StringsTask.csproj", "{8EE5AFE2-C1D4-4A14-A3FD-81A0CCD0110B}"
EndProject
Project("{FAE04EC0-301F-11D3-BF4B-00C04F79EFBC}") = "SwappingValues", "SwappingValues\SwappingValues.csproj", "{BC912983-B75E-4A29-845D-2FF9C7B95B7B}"
EndProject
Global
	GlobalSection(SolutionConfigurationPlatforms) = preSolution
		Debug|Any CPU = Debug|Any CPU
		Release|Any CPU = Release|Any CPU
	EndGlobalSection
	GlobalSection(ProjectConfigurationPlatforms) = postSolution
		{CAC6A5BB-33D5-4C30-983B-1E346301F5AA}.Debug|Any CPU.ActiveCfg = Debug|Any CPU
		{CAC6A5BB-33D5-4C30-983B-1E346301F5AA}.Debug|Any CPU.Build.0 = Debug|Any CPU
		{CAC6A5BB-33D5-4C30-983B-1E346301F5AA}.Release|Any CPU.ActiveCfg = Release|Any CPU
		{CAC6A5BB-33D5-4C30-983B-1E346301F5AA}.Release|Any CPU.Build.0 = Release|Any CPU
		{2C897644-317D-4AE7-AE24-E9FAE98FF2C3}.Debug|Any CPU.ActiveCfg = Debug|Any CPU
		{2C897644-317D-4AE7-AE24-E9FAE98FF2C3}.Debug|Any CPU.Build.0 = Debug|Any CPU
		{2C897644-317D-4AE7-AE24-E9FAE98FF2C3}.Release|Any CPU.ActiveCfg = Release|Any CPU
		{2C897644-317D-4AE7-AE24-E9FAE98FF2C3}.Release|Any CPU.Build.0 = Release|Any CPU
		{32C5CAB0-124A-4916-AB0B-5BAA7A7C2D05}.Debug|Any CPU.ActiveCfg = Debug|Any CPU
		{32C5CAB0-124A-4916-AB0B-5BAA7A7C2D05}.Debug|Any CPU.Build.0 = Debug|Any CPU
		{32C5CAB0-124A-4916-AB0B-5BAA7A7C2D05}.Release|Any CPU.ActiveCfg = Release|Any CPU
		{32C5CAB0-124A-4916-AB0B-5BAA7A7C2D05}.Release|Any CPU.Build.0 = Release|Any CPU
		{8EE5AFE2-C1D4-4A14-A3FD-81A0CCD0110B}.Debug|Any CPU.ActiveCfg = Debug|Any CPU
		{8EE5AFE2-C1D4-4A14-A3FD-81A0CCD0110B}.Debug|Any CPU.Build.0 = Debug|Any CPU
		{8EE5AFE2-C1D4-4A14-A3FD-81A0CCD0110B}.Release|Any CPU.ActiveCfg = Release|Any CPU
		{8EE5AFE2-C1D4-4A14-A3FD-81A0CCD0110B}.Release|Any CPU.Build.0 = Release|Any CPU
		{BC912983-B75E-4A29-845D-2FF9C7B95B7B}.Debug|Any CPU.ActiveCfg = Debug|Any CPU
		{BC912983-B75E-4A29-845D-2FF9C7B95B7B}.Debug|Any CPU.Build.0 = Debug|Any CPU
		{BC912983-B75E-4A29-845D-2FF9C7B95B7B}.Release|Any CPU.ActiveCfg = Release|Any CPU
		{BC912983-B75E-4A29-845D-2FF9C7B95B7B}.Release|Any CPU.Build.0 = Release|Any CPU
	EndGlobalSection
	GlobalSection(SolutionProperties) = preSolution
		HideSolutionNode = FALSE
	EndGlobalSection
	GlobalSection(ExtensibilityGlobals) = postSolution
		SolutionGuid = {28DD9957-988B-4D3F-B65D-FAC8491DFCAD}
	EndGlobalSection
EndGlobal
